
Microsoft Visual Studio Solution File, Format Version 12.00
# Visual Studio Version 17
VisualStudioVersion = 17.5.33516.290
MinimumVisualStudioVersion = 10.0.40219.1
Project("{FAE04EC0-301F-11D3-BF4B-00C04F79EFBC}") = "SaveInputLog", "SaveInputLog.csproj", "{79648773-5C29-4725-9B80-D2281BB104B5}"
EndProject
Global
	GlobalSection(SolutionConfigurationPlatforms) = preSolution
		Debug|Any CPU = Debug|Any CPU
		Release|Any CPU = Release|Any CPU
	EndGlobalSection
	GlobalSection(ProjectConfigurationPlatforms) = postSolution
		{79648773-5C29-4725-9B80-D2281BB104B5}.Debug|Any CPU.ActiveCfg = Debug|Any CPU
		{79648773-5C29-4725-9B80-D2281BB104B5}.Debug|Any CPU.Build.0 = Debug|Any CPU
		{79648773-5C29-4725-9B80-D2281BB104B5}.Release|Any CPU.ActiveCfg = Release|Any CPU
		{79648773-5C29-4725-9B80-D2281BB104B5}.Release|Any CPU.Build.0 = Release|Any CPU
	EndGlobalSection
	GlobalSection(SolutionProperties) = preSolution
		HideSolutionNode = FALSE
	EndGlobalSection
	GlobalSection(ExtensibilityGlobals) = postSolution
		SolutionGuid = {453BA8AA-86CD-4FBA-A430-FD0F3BDE383D}
	EndGlobalSection
EndGlobal
